// !$*UTF8*$!
{
	archiveVersion = 1;
	classes = {
	};
	objectVersion = 50;
	objects = {

/* Begin PBXBuildFile section */
		B77C0EEC2125ED3700E88C7E /* AppDelegate.swift in Sources */ = {isa = PBXBuildFile; fileRef = B77C0EEB2125ED3700E88C7E /* AppDelegate.swift */; };
		B77C0EEE2125ED3700E88C7E /* TableViewController.swift in Sources */ = {isa = PBXBuildFile; fileRef = B77C0EED2125ED3700E88C7E /* TableViewController.swift */; };
		B77C0EF12125ED3800E88C7E /* Main.storyboard in Resources */ = {isa = PBXBuildFile; fileRef = B77C0EEF2125ED3800E88C7E /* Main.storyboard */; };
		B77C0EF32125ED3900E88C7E /* Assets.xcassets in Resources */ = {isa = PBXBuildFile; fileRef = B77C0EF22125ED3900E88C7E /* Assets.xcassets */; };
		B77C0EF62125ED3900E88C7E /* LaunchScreen.storyboard in Resources */ = {isa = PBXBuildFile; fileRef = B77C0EF42125ED3900E88C7E /* LaunchScreen.storyboard */; };
		B77C0F052125EE1A00E88C7E /* StateViewController.framework in Frameworks */ = {isa = PBXBuildFile; fileRef = B77C0F022125ED5800E88C7E /* StateViewController.framework */; };
		B77C0F062125EE1A00E88C7E /* StateViewController.framework in Embed Frameworks */ = {isa = PBXBuildFile; fileRef = B77C0F022125ED5800E88C7E /* StateViewController.framework */; settings = {ATTRIBUTES = (CodeSignOnCopy, RemoveHeadersOnCopy, ); }; };
		B77C0F0C2125EF4000E88C7E /* ListStateViewController.swift in Sources */ = {isa = PBXBuildFile; fileRef = B77C0F0B2125EF4000E88C7E /* ListStateViewController.swift */; };
		B77C0F0E2125EFC300E88C7E /* ActivityIndicatorViewController.swift in Sources */ = {isa = PBXBuildFile; fileRef = B77C0F0D2125EFC300E88C7E /* ActivityIndicatorViewController.swift */; };
		B77C0F102125F14400E88C7E /* Comment.swift in Sources */ = {isa = PBXBuildFile; fileRef = B77C0F0F2125F14400E88C7E /* Comment.swift */; };
/* End PBXBuildFile section */

/* Begin PBXContainerItemProxy section */
		B77C0F012125ED5800E88C7E /* PBXContainerItemProxy */ = {
			isa = PBXContainerItemProxy;
			containerPortal = B77C0EFD2125ED5800E88C7E /* StateViewController.xcodeproj */;
			proxyType = 2;
			remoteGlobalIDString = B76AA3B7212052B500020277;
			remoteInfo = "StateViewController iOS";
		};
		B77C0F072125EE1A00E88C7E /* PBXContainerItemProxy */ = {
			isa = PBXContainerItemProxy;
			containerPortal = B77C0EFD2125ED5800E88C7E /* StateViewController.xcodeproj */;
			proxyType = 1;
			remoteGlobalIDString = B76AA3B6212052B500020277;
			remoteInfo = "StateViewController iOS";
		};
/* End PBXContainerItemProxy section */

/* Begin PBXCopyFilesBuildPhase section */
		B77C0F092125EE1A00E88C7E /* Embed Frameworks */ = {
			isa = PBXCopyFilesBuildPhase;
			buildActionMask = 2147483647;
			dstPath = "";
			dstSubfolderSpec = 10;
			files = (
				B77C0F062125EE1A00E88C7E /* StateViewController.framework in Embed Frameworks */,
			);
			name = "Embed Frameworks";
			runOnlyForDeploymentPostprocessing = 0;
		};
/* End PBXCopyFilesBuildPhase section */

/* Begin PBXFileReference section */
		B77C0EE82125ED3700E88C7E /* StateViewControllerExample.app */ = {isa = PBXFileReference; explicitFileType = wrapper.application; includeInIndex = 0; path = StateViewControllerExample.app; sourceTree = BUILT_PRODUCTS_DIR; };
		B77C0EEB2125ED3700E88C7E /* AppDelegate.swift */ = {isa = PBXFileReference; lastKnownFileType = sourcecode.swift; path = AppDelegate.swift; sourceTree = "<group>"; };
		B77C0EED2125ED3700E88C7E /* TableViewController.swift */ = {isa = PBXFileReference; lastKnownFileType = sourcecode.swift; path = TableViewController.swift; sourceTree = "<group>"; };
		B77C0EF02125ED3800E88C7E /* Base */ = {isa = PBXFileReference; lastKnownFileType = file.storyboard; name = Base; path = Base.lproj/Main.storyboard; sourceTree = "<group>"; };
		B77C0EF22125ED3900E88C7E /* Assets.xcassets */ = {isa = PBXFileReference; lastKnownFileType = folder.assetcatalog; path = Assets.xcassets; sourceTree = "<group>"; };
		B77C0EF52125ED3900E88C7E /* Base */ = {isa = PBXFileReference; lastKnownFileType = file.storyboard; name = Base; path = Base.lproj/LaunchScreen.storyboard; sourceTree = "<group>"; };
		B77C0EF72125ED3900E88C7E /* Info.plist */ = {isa = PBXFileReference; lastKnownFileType = text.plist.xml; path = Info.plist; sourceTree = "<group>"; };
		B77C0EFD2125ED5800E88C7E /* StateViewController.xcodeproj */ = {isa = PBXFileReference; lastKnownFileType = "wrapper.pb-project"; name = StateViewController.xcodeproj; path = ../StateViewController.xcodeproj; sourceTree = "<group>"; };
		B77C0F0B2125EF4000E88C7E /* ListStateViewController.swift */ = {isa = PBXFileReference; lastKnownFileType = sourcecode.swift; path = ListStateViewController.swift; sourceTree = "<group>"; };
		B77C0F0D2125EFC300E88C7E /* ActivityIndicatorViewController.swift */ = {isa = PBXFileReference; lastKnownFileType = sourcecode.swift; path = ActivityIndicatorViewController.swift; sourceTree = "<group>"; };
		B77C0F0F2125F14400E88C7E /* Comment.swift */ = {isa = PBXFileReference; lastKnownFileType = sourcecode.swift; path = Comment.swift; sourceTree = "<group>"; };
/* End PBXFileReference section */

/* Begin PBXFrameworksBuildPhase section */
		B77C0EE52125ED3700E88C7E /* Frameworks */ = {
			isa = PBXFrameworksBuildPhase;
			buildActionMask = 2147483647;
			files = (
				B77C0F052125EE1A00E88C7E /* StateViewController.framework in Frameworks */,
			);
			runOnlyForDeploymentPostprocessing = 0;
		};
/* End PBXFrameworksBuildPhase section */

/* Begin PBXGroup section */
		B77C0EDF2125ED3700E88C7E = {
			isa = PBXGroup;
			children = (
				B77C0EFD2125ED5800E88C7E /* StateViewController.xcodeproj */,
				B77C0EEA2125ED3700E88C7E /* StateViewControllerExample */,
				B77C0EE92125ED3700E88C7E /* Products */,
			);
			sourceTree = "<group>";
		};
		B77C0EE92125ED3700E88C7E /* Products */ = {
			isa = PBXGroup;
			children = (
				B77C0EE82125ED3700E88C7E /* StateViewControllerExample.app */,
			);
			name = Products;
			sourceTree = "<group>";
		};
		B77C0EEA2125ED3700E88C7E /* StateViewControllerExample */ = {
			isa = PBXGroup;
			children = (
				B77C0EEB2125ED3700E88C7E /* AppDelegate.swift */,
				B77C0EED2125ED3700E88C7E /* TableViewController.swift */,
				B77C0F0B2125EF4000E88C7E /* ListStateViewController.swift */,
				B77C0F0D2125EFC300E88C7E /* ActivityIndicatorViewController.swift */,
				B77C0EEF2125ED3800E88C7E /* Main.storyboard */,
				B77C0EF22125ED3900E88C7E /* Assets.xcassets */,
				B77C0EF42125ED3900E88C7E /* LaunchScreen.storyboard */,
				B77C0EF72125ED3900E88C7E /* Info.plist */,
				B77C0F0F2125F14400E88C7E /* Comment.swift */,
			);
			path = StateViewControllerExample;
			sourceTree = "<group>";
		};
		B77C0EFE2125ED5800E88C7E /* Products */ = {
			isa = PBXGroup;
			children = (
				B77C0F022125ED5800E88C7E /* StateViewController.framework */,
			);
			name = Products;
			sourceTree = "<group>";
		};
/* End PBXGroup section */

/* Begin PBXNativeTarget section */
		B77C0EE72125ED3700E88C7E /* StateViewControllerExample */ = {
			isa = PBXNativeTarget;
			buildConfigurationList = B77C0EFA2125ED3900E88C7E /* Build configuration list for PBXNativeTarget "StateViewControllerExample" */;
			buildPhases = (
				B77C0EE42125ED3700E88C7E /* Sources */,
				B77C0EE52125ED3700E88C7E /* Frameworks */,
				B77C0EE62125ED3700E88C7E /* Resources */,
				B77C0F092125EE1A00E88C7E /* Embed Frameworks */,
			);
			buildRules = (
			);
			dependencies = (
				B77C0F082125EE1A00E88C7E /* PBXTargetDependency */,
			);
			name = StateViewControllerExample;
			productName = StateViewControllerExample;
			productReference = B77C0EE82125ED3700E88C7E /* StateViewControllerExample.app */;
			productType = "com.apple.product-type.application";
		};
/* End PBXNativeTarget section */

/* Begin PBXProject section */
		B77C0EE02125ED3700E88C7E /* Project object */ = {
			isa = PBXProject;
			attributes = {
				LastSwiftUpdateCheck = 0940;
				LastUpgradeCheck = 0940;
				ORGANIZATIONNAME = Formbound;
				TargetAttributes = {
					B77C0EE72125ED3700E88C7E = {
						CreatedOnToolsVersion = 9.4.1;
					};
				};
			};
			buildConfigurationList = B77C0EE32125ED3700E88C7E /* Build configuration list for PBXProject "StateViewControllerExample" */;
			compatibilityVersion = "Xcode 9.3";
			developmentRegion = en;
			hasScannedForEncodings = 0;
			knownRegions = (
				en,
				Base,
			);
			mainGroup = B77C0EDF2125ED3700E88C7E;
			productRefGroup = B77C0EE92125ED3700E88C7E /* Products */;
			projectDirPath = "";
			projectReferences = (
				{
					ProductGroup = B77C0EFE2125ED5800E88C7E /* Products */;
					ProjectRef = B77C0EFD2125ED5800E88C7E /* StateViewController.xcodeproj */;
				},
			);
			projectRoot = "";
			targets = (
				B77C0EE72125ED3700E88C7E /* StateViewControllerExample */,
			);
		};
/* End PBXProject section */

/* Begin PBXReferenceProxy section */
		B77C0F022125ED5800E88C7E /* StateViewController.framework */ = {
			isa = PBXReferenceProxy;
			fileType = wrapper.framework;
			path = StateViewController.framework;
			remoteRef = B77C0F012125ED5800E88C7E /* PBXContainerItemProxy */;
			sourceTree = BUILT_PRODUCTS_DIR;
		};
/* End PBXReferenceProxy section */

/* Begin PBXResourcesBuildPhase section */
		B77C0EE62125ED3700E88C7E /* Resources */ = {
			isa = PBXResourcesBuildPhase;
			buildActionMask = 2147483647;
			files = (
				B77C0EF62125ED3900E88C7E /* LaunchScreen.storyboard in Resources */,
				B77C0EF32125ED3900E88C7E /* Assets.xcassets in Resources */,
				B77C0EF12125ED3800E88C7E /* Main.storyboard in Resources */,
			);
			runOnlyForDeploymentPostprocessing = 0;
		};
/* End PBXResourcesBuildPhase section */

/* Begin PBXSourcesBuildPhase section */
		B77C0EE42125ED3700E88C7E /* Sources */ = {
			isa = PBXSourcesBuildPhase;
			buildActionMask = 2147483647;
			files = (
				B77C0F102125F14400E88C7E /* Comment.swift in Sources */,
				B77C0EEE2125ED3700E88C7E /* TableViewController.swift in Sources */,
				B77C0F0E2125EFC300E88C7E /* ActivityIndicatorViewController.swift in Sources */,
				B77C0EEC2125ED3700E88C7E /* AppDelegate.swift in Sources */,
				B77C0F0C2125EF4000E88C7E /* ListStateViewController.swift in Sources */,
			);
			runOnlyForDeploymentPostprocessing = 0;
		};
/* End PBXSourcesBuildPhase section */

/* Begin PBXTargetDependency section */
		B77C0F082125EE1A00E88C7E /* PBXTargetDependency */ = {
			isa = PBXTargetDependency;
			name = "StateViewController iOS";
			targetProxy = B77C0F072125EE1A00E88C7E /* PBXContainerItemProxy */;
		};
/* End PBXTargetDependency section */

/* Begin PBXVariantGroup section */
		B77C0EEF2125ED3800E88C7E /* Main.storyboard */ = {
			isa = PBXVariantGroup;
			children = (
				B77C0EF02125ED3800E88C7E /* Base */,
			);
			name = Main.storyboard;
			sourceTree = "<group>";
		};
		B77C0EF42125ED3900E88C7E /* LaunchScreen.storyboard */ = {
			isa = PBXVariantGroup;
			children = (
				B77C0EF52125ED3900E88C7E /* Base */,
			);
			name = LaunchScreen.storyboard;
			sourceTree = "<group>";
		};
/* End PBXVariantGroup section */

/* Begin XCBuildConfiguration section */
		B77C0EF82125ED3900E88C7E /* Debug */ = {
			isa = XCBuildConfiguration;
			buildSettings = {
				ALWAYS_SEARCH_USER_PATHS = NO;
				CLANG_ANALYZER_NONNULL = YES;
				CLANG_ANALYZER_NUMBER_OBJECT_CONVERSION = YES_AGGRESSIVE;
				CLANG_CXX_LANGUAGE_STANDARD = "gnu++14";
				CLANG_CXX_LIBRARY = "libc++";
				CLANG_ENABLE_MODULES = YES;
				CLANG_ENABLE_OBJC_ARC = YES;
				CLANG_ENABLE_OBJC_WEAK = YES;
				CLANG_WARN_BLOCK_CAPTURE_AUTORELEASING = YES;
				CLANG_WARN_BOOL_CONVERSION = YES;
				CLANG_WARN_COMMA = YES;
				CLANG_WARN_CONSTANT_CONVERSION = YES;
				CLANG_WARN_DEPRECATED_OBJC_IMPLEMENTATIONS = YES;
				CLANG_WARN_DIRECT_OBJC_ISA_USAGE = YES_ERROR;
				CLANG_WARN_DOCUMENTATION_COMMENTS = YES;
				CLANG_WARN_EMPTY_BODY = YES;
				CLANG_WARN_ENUM_CONVERSION = YES;
				CLANG_WARN_INFINITE_RECURSION = YES;
				CLANG_WARN_INT_CONVERSION = YES;
				CLANG_WARN_NON_LITERAL_NULL_CONVERSION = YES;
				CLANG_WARN_OBJC_IMPLICIT_RETAIN_SELF = YES;
				CLANG_WARN_OBJC_LITERAL_CONVERSION = YES;
				CLANG_WARN_OBJC_ROOT_CLASS = YES_ERROR;
				CLANG_WARN_RANGE_LOOP_ANALYSIS = YES;
				CLANG_WARN_STRICT_PROTOTYPES = YES;
				CLANG_WARN_SUSPICIOUS_MOVE = YES;
				CLANG_WARN_UNGUARDED_AVAILABILITY = YES_AGGRESSIVE;
				CLANG_WARN_UNREACHABLE_CODE = YES;
				CLANG_WARN__DUPLICATE_METHOD_MATCH = YES;
				CODE_SIGN_IDENTITY = "iPhone Developer";
				COPY_PHASE_STRIP = NO;
				DEBUG_INFORMATION_FORMAT = dwarf;
				ENABLE_STRICT_OBJC_MSGSEND = YES;
				ENABLE_TESTABILITY = YES;
				GCC_C_LANGUAGE_STANDARD = gnu11;
				GCC_DYNAMIC_NO_PIC = NO;
				GCC_NO_COMMON_BLOCKS = YES;
				GCC_OPTIMIZATION_LEVEL = 0;
				GCC_PREPROCESSOR_DEFINITIONS = (
					"DEBUG=1",
					"$(inherited)",
				);
				GCC_WARN_64_TO_32_BIT_CONVERSION = YES;
				GCC_WARN_ABOUT_RETURN_TYPE = YES_ERROR;
				GCC_WARN_UNDECLARED_SELECTOR = YES;
				GCC_WARN_UNINITIALIZED_AUTOS = YES_AGGRESSIVE;
				GCC_WARN_UNUSED_FUNCTION = YES;
				GCC_WARN_UNUSED_VARIABLE = YES;
				IPHONEOS_DEPLOYMENT_TARGET = 11.4;
				MTL_ENABLE_DEBUG_INFO = YES;
				ONLY_ACTIVE_ARCH = YES;
				SDKROOT = iphoneos;
				SWIFT_ACTIVE_COMPILATION_CONDITIONS = DEBUG;
				SWIFT_OPTIMIZATION_LEVEL = "-Onone";
			};
			name = Debug;
		};
		B77C0EF92125ED3900E88C7E /* Release */ = {
			isa = XCBuildConfiguration;
			buildSettings = {
				ALWAYS_SEARCH_USER_PATHS = NO;
				CLANG_ANALYZER_NONNULL = YES;
				CLANG_ANALYZER_NUMBER_OBJECT_CONVERSION = YES_AGGRESSIVE;
				CLANG_CXX_LANGUAGE_STANDARD = "gnu++14";
				CLANG_CXX_LIBRARY = "libc++";
				CLANG_ENABLE_MODULES = YES;
				CLANG_ENABLE_OBJC_ARC = YES;
				CLANG_ENABLE_OBJC_WEAK = YES;
				CLANG_WARN_BLOCK_CAPTURE_AUTORELEASING = YES;
				CLANG_WARN_BOOL_CONVERSION = YES;
				CLANG_WARN_COMMA = YES;
				CLANG_WARN_CONSTANT_CONVERSION = YES;
				CLANG_WARN_DEPRECATED_OBJC_IMPLEMENTATIONS = YES;
				CLANG_WARN_DIRECT_OBJC_ISA_USAGE = YES_ERROR;
				CLANG_WARN_DOCUMENTATION_COMMENTS = YES;
				CLANG_WARN_EMPTY_BODY = YES;
				CLANG_WARN_ENUM_CONVERSION = YES;
				CLANG_WARN_INFINITE_RECURSION = YES;
				CLANG_WARN_INT_CONVERSION = YES;
				CLANG_WARN_NON_LITERAL_NULL_CONVERSION = YES;
				CLANG_WARN_OBJC_IMPLICIT_RETAIN_SELF = YES;
				CLANG_WARN_OBJC_LITERAL_CONVERSION = YES;
				CLANG_WARN_OBJC_ROOT_CLASS = YES_ERROR;
				CLANG_WARN_RANGE_LOOP_ANALYSIS = YES;
				CLANG_WARN_STRICT_PROTOTYPES = YES;
				CLANG_WARN_SUSPICIOUS_MOVE = YES;
				CLANG_WARN_UNGUARDED_AVAILABILITY = YES_AGGRESSIVE;
				CLANG_WARN_UNREACHABLE_CODE = YES;
				CLANG_WARN__DUPLICATE_METHOD_MATCH = YES;
				CODE_SIGN_IDENTITY = "iPhone Developer";
				COPY_PHASE_STRIP = NO;
				DEBUG_INFORMATION_FORMAT = "dwarf-with-dsym";
				ENABLE_NS_ASSERTIONS = NO;
				ENABLE_STRICT_OBJC_MSGSEND = YES;
				GCC_C_LANGUAGE_STANDARD = gnu11;
				GCC_NO_COMMON_BLOCKS = YES;
				GCC_WARN_64_TO_32_BIT_CONVERSION = YES;
				GCC_WARN_ABOUT_RETURN_TYPE = YES_ERROR;
				GCC_WARN_UNDECLARED_SELECTOR = YES;
				GCC_WARN_UNINITIALIZED_AUTOS = YES_AGGRESSIVE;
				GCC_WARN_UNUSED_FUNCTION = YES;
				GCC_WARN_UNUSED_VARIABLE = YES;
				IPHONEOS_DEPLOYMENT_TARGET = 11.4;
				MTL_ENABLE_DEBUG_INFO = NO;
				SDKROOT = iphoneos;
				SWIFT_COMPILATION_MODE = wholemodule;
				SWIFT_OPTIMIZATION_LEVEL = "-O";
				VALIDATE_PRODUCT = YES;
			};
			name = Release;
		};
		B77C0EFB2125ED3900E88C7E /* Debug */ = {
			isa = XCBuildConfiguration;
			buildSettings = {
				ALWAYS_EMBED_SWIFT_STANDARD_LIBRARIES = YES;
				ASSETCATALOG_COMPILER_APPICON_NAME = AppIcon;
				CODE_SIGN_STYLE = Automatic;
				DEVELOPMENT_TEAM = "";
				INFOPLIST_FILE = StateViewControllerExample/Info.plist;
				IPHONEOS_DEPLOYMENT_TARGET = 9.0;
				LD_RUNPATH_SEARCH_PATHS = (
					"$(inherited)",
					"@executable_path/Frameworks",
				);
				PRODUCT_BUNDLE_IDENTIFIER = com.formbound.StateViewControllerExample;
				PRODUCT_NAME = "$(TARGET_NAME)";
				SWIFT_VERSION = 4.0;
				TARGETED_DEVICE_FAMILY = 1;
			};
			name = Debug;
		};
		B77C0EFC2125ED3900E88C7E /* Release */ = {
			isa = XCBuildConfiguration;
			buildSettings = {
				ALWAYS_EMBED_SWIFT_STANDARD_LIBRARIES = YES;
				ASSETCATALOG_COMPILER_APPICON_NAME = AppIcon;
				CODE_SIGN_STYLE = Automatic;
				DEVELOPMENT_TEAM = "";
				INFOPLIST_FILE = StateViewControllerExample/Info.plist;
				IPHONEOS_DEPLOYMENT_TARGET = 9.0;
				LD_RUNPATH_SEARCH_PATHS = (
					"$(inherited)",
					"@executable_path/Frameworks",
				);
				PRODUCT_BUNDLE_IDENTIFIER = com.formbound.StateViewControllerExample;
				PRODUCT_NAME = "$(TARGET_NAME)";
				SWIFT_VERSION = 4.0;
				TARGETED_DEVICE_FAMILY = 1;
			};
			name = Release;
		};
/* End XCBuildConfiguration section */

/* Begin XCConfigurationList section */
		B77C0EE32125ED3700E88C7E /* Build configuration list for PBXProject "StateViewControllerExample" */ = {
			isa = XCConfigurationList;
			buildConfigurations = (
				B77C0EF82125ED3900E88C7E /* Debug */,
				B77C0EF92125ED3900E88C7E /* Release */,
			);
			defaultConfigurationIsVisible = 0;
			defaultConfigurationName = Release;
		};
		B77C0EFA2125ED3900E88C7E /* Build configuration list for PBXNativeTarget "StateViewControllerExample" */ = {
			isa = XCConfigurationList;
			buildConfigurations = (
				B77C0EFB2125ED3900E88C7E /* Debug */,
				B77C0EFC2125ED3900E88C7E /* Release */,
			);
			defaultConfigurationIsVisible = 0;
			defaultConfigurationName = Release;
		};
/* End XCConfigurationList section */
	};
	rootObject = B77C0EE02125ED3700E88C7E /* Project object */;
}
